
Microsoft Visual Studio Solution File, Format Version 12.00
# Visual Studio Version 17
VisualStudioVersion = 17.3.32901.215
MinimumVisualStudioVersion = 10.0.40219.1
Project("{FAE04EC0-301F-11D3-BF4B-00C04F79EFBC}") = "newApp", "newApp\newApp.csproj", "{556D25B2-7EB1-4676-9B53-B82BF4128C19}"
EndProject
Global
	GlobalSection(SolutionConfigurationPlatforms) = preSolution
		Debug|Any CPU = Debug|Any CPU
		Release|Any CPU = Release|Any CPU
	EndGlobalSection
	GlobalSection(ProjectConfigurationPlatforms) = postSolution
		{556D25B2-7EB1-4676-9B53-B82BF4128C19}.Debug|Any CPU.ActiveCfg = Debug|Any CPU
		{556D25B2-7EB1-4676-9B53-B82BF4128C19}.Debug|Any CPU.Build.0 = Debug|Any CPU
		{556D25B2-7EB1-4676-9B53-B82BF4128C19}.Release|Any CPU.ActiveCfg = Release|Any CPU
		{556D25B2-7EB1-4676-9B53-B82BF4128C19}.Release|Any CPU.Build.0 = Release|Any CPU
	EndGlobalSection
	GlobalSection(SolutionProperties) = preSolution
		HideSolutionNode = FALSE
	EndGlobalSection
	GlobalSection(ExtensibilityGlobals) = postSolution
		SolutionGuid = {991C2AEA-755E-4958-8915-EBBCF769F963}
	EndGlobalSection
EndGlobal
